// !$*UTF8*$!
{
	archiveVersion = 1;
	classes = {
	};
	objectVersion = 50;
	objects = {

/* Begin PBXBuildFile section */
		EA35F6A52098EB1100183817 /* AppDelegate.swift in Sources */ = {isa = PBXBuildFile; fileRef = EA35F6A42098EB1100183817 /* AppDelegate.swift */; };
		EA35F6A72098EB1100183817 /* ViewController.swift in Sources */ = {isa = PBXBuildFile; fileRef = EA35F6A62098EB1100183817 /* ViewController.swift */; };
		EA35F6AA2098EB1100183817 /* Main.storyboard in Resources */ = {isa = PBXBuildFile; fileRef = EA35F6A82098EB1100183817 /* Main.storyboard */; };
		EA35F6AC2098EB1200183817 /* Assets.xcassets in Resources */ = {isa = PBXBuildFile; fileRef = EA35F6AB2098EB1200183817 /* Assets.xcassets */; };
		EA35F6AF2098EB1200183817 /* LaunchScreen.storyboard in Resources */ = {isa = PBXBuildFile; fileRef = EA35F6AD2098EB1200183817 /* LaunchScreen.storyboard */; };
		EA35F6B82098EF9000183817 /* zipDelegate.swift in Sources */ = {isa = PBXBuildFile; fileRef = EA35F6B72098EF9000183817 /* zipDelegate.swift */; };
		EA35F6BA2098F00500183817 /* cashDelegate.swift in Sources */ = {isa = PBXBuildFile; fileRef = EA35F6B92098F00500183817 /* cashDelegate.swift */; };
/* End PBXBuildFile section */

/* Begin PBXFileReference section */
		EA35F6A12098EB1100183817 /* Input TextFields.app */ = {isa = PBXFileReference; explicitFileType = wrapper.application; includeInIndex = 0; path = "Input TextFields.app"; sourceTree = BUILT_PRODUCTS_DIR; };
		EA35F6A42098EB1100183817 /* AppDelegate.swift */ = {isa = PBXFileReference; lastKnownFileType = sourcecode.swift; path = AppDelegate.swift; sourceTree = "<group>"; };
		EA35F6A62098EB1100183817 /* ViewController.swift */ = {isa = PBXFileReference; lastKnownFileType = sourcecode.swift; path = ViewController.swift; sourceTree = "<group>"; };
		EA35F6A92098EB1100183817 /* Base */ = {isa = PBXFileReference; lastKnownFileType = file.storyboard; name = Base; path = Base.lproj/Main.storyboard; sourceTree = "<group>"; };
		EA35F6AB2098EB1200183817 /* Assets.xcassets */ = {isa = PBXFileReference; lastKnownFileType = folder.assetcatalog; path = Assets.xcassets; sourceTree = "<group>"; };
		EA35F6AE2098EB1200183817 /* Base */ = {isa = PBXFileReference; lastKnownFileType = file.storyboard; name = Base; path = Base.lproj/LaunchScreen.storyboard; sourceTree = "<group>"; };
		EA35F6B02098EB1200183817 /* Info.plist */ = {isa = PBXFileReference; lastKnownFileType = text.plist.xml; path = Info.plist; sourceTree = "<group>"; };
		EA35F6B72098EF9000183817 /* zipDelegate.swift */ = {isa = PBXFileReference; lastKnownFileType = sourcecode.swift; path = zipDelegate.swift; sourceTree = "<group>"; };
		EA35F6B92098F00500183817 /* cashDelegate.swift */ = {isa = PBXFileReference; lastKnownFileType = sourcecode.swift; path = cashDelegate.swift; sourceTree = "<group>"; };
/* End PBXFileReference section */

/* Begin PBXFrameworksBuildPhase section */
		EA35F69E2098EB1100183817 /* Frameworks */ = {
			isa = PBXFrameworksBuildPhase;
			buildActionMask = 2147483647;
			files = (
			);
			runOnlyForDeploymentPostprocessing = 0;
		};
/* End PBXFrameworksBuildPhase section */

/* Begin PBXGroup section */
		EA35F6982098EB1100183817 = {
			isa = PBXGroup;
			children = (
				EA35F6A32098EB1100183817 /* Input TextFields */,
				EA35F6A22098EB1100183817 /* Products */,
			);
			sourceTree = "<group>";
		};
		EA35F6A22098EB1100183817 /* Products */ = {
			isa = PBXGroup;
			children = (
				EA35F6A12098EB1100183817 /* Input TextFields.app */,
			);
			name = Products;
			sourceTree = "<group>";
		};
		EA35F6A32098EB1100183817 /* Input TextFields */ = {
			isa = PBXGroup;
			children = (
				EA35F6A42098EB1100183817 /* AppDelegate.swift */,
				EA35F6A62098EB1100183817 /* ViewController.swift */,
				EA35F6B62098EF7C00183817 /* Text Field Delegates */,
				EA35F6A82098EB1100183817 /* Main.storyboard */,
				EA35F6AB2098EB1200183817 /* Assets.xcassets */,
				EA35F6AD2098EB1200183817 /* LaunchScreen.storyboard */,
				EA35F6B02098EB1200183817 /* Info.plist */,
			);
			path = "Input TextFields";
			sourceTree = "<group>";
		};
		EA35F6B62098EF7C00183817 /* Text Field Delegates */ = {
			isa = PBXGroup;
			children = (
				EA35F6B72098EF9000183817 /* zipDelegate.swift */,
				EA35F6B92098F00500183817 /* cashDelegate.swift */,
			);
			path = "Text Field Delegates";
			sourceTree = "<group>";
		};
/* End PBXGroup section */

/* Begin PBXNativeTarget section */
		EA35F6A02098EB1100183817 /* Input TextFields */ = {
			isa = PBXNativeTarget;
			buildConfigurationList = EA35F6B32098EB1200183817 /* Build configuration list for PBXNativeTarget "Input TextFields" */;
			buildPhases = (
				EA35F69D2098EB1100183817 /* Sources */,
				EA35F69E2098EB1100183817 /* Frameworks */,
				EA35F69F2098EB1100183817 /* Resources */,
			);
			buildRules = (
			);
			dependencies = (
			);
			name = "Input TextFields";
			productName = "Input TextFields";
			productReference = EA35F6A12098EB1100183817 /* Input TextFields.app */;
			productType = "com.apple.product-type.application";
		};
/* End PBXNativeTarget section */

/* Begin PBXProject section */
		EA35F6992098EB1100183817 /* Project object */ = {
			isa = PBXProject;
			attributes = {
				LastSwiftUpdateCheck = 0930;
				LastUpgradeCheck = 0930;
				ORGANIZATIONNAME = "Peter Muniz";
				TargetAttributes = {
					EA35F6A02098EB1100183817 = {
						CreatedOnToolsVersion = 9.3;
					};
				};
			};
			buildConfigurationList = EA35F69C2098EB1100183817 /* Build configuration list for PBXProject "Input TextFields" */;
			compatibilityVersion = "Xcode 9.3";
			developmentRegion = en;
			hasScannedForEncodings = 0;
			knownRegions = (
				en,
				Base,
			);
			mainGroup = EA35F6982098EB1100183817;
			productRefGroup = EA35F6A22098EB1100183817 /* Products */;
			projectDirPath = "";
			projectRoot = "";
			targets = (
				EA35F6A02098EB1100183817 /* Input TextFields */,
			);
		};
/* End PBXProject section */

/* Begin PBXResourcesBuildPhase section */
		EA35F69F2098EB1100183817 /* Resources */ = {
			isa = PBXResourcesBuildPhase;
			buildActionMask = 2147483647;
			files = (
				EA35F6AF2098EB1200183817 /* LaunchScreen.storyboard in Resources */,
				EA35F6AC2098EB1200183817 /* Assets.xcassets in Resources */,
				EA35F6AA2098EB1100183817 /* Main.storyboard in Resources */,
			);
			runOnlyForDeploymentPostprocessing = 0;
		};
/* End PBXResourcesBuildPhase section */

/* Begin PBXSourcesBuildPhase section */
		EA35F69D2098EB1100183817 /* Sources */ = {
			isa = PBXSourcesBuildPhase;
			buildActionMask = 2147483647;
			files = (
				EA35F6A72098EB1100183817 /* ViewController.swift in Sources */,
				EA35F6A52098EB1100183817 /* AppDelegate.swift in Sources */,
				EA35F6B82098EF9000183817 /* zipDelegate.swift in Sources */,
				EA35F6BA2098F00500183817 /* cashDelegate.swift in Sources */,
			);
			runOnlyForDeploymentPostprocessing = 0;
		};
/* End PBXSourcesBuildPhase section */

/* Begin PBXVariantGroup section */
		EA35F6A82098EB1100183817 /* Main.storyboard */ = {
			isa = PBXVariantGroup;
			children = (
				EA35F6A92098EB1100183817 /* Base */,
			);
			name = Main.storyboard;
			sourceTree = "<group>";
		};
		EA35F6AD2098EB1200183817 /* LaunchScreen.storyboard */ = {
			isa = PBXVariantGroup;
			children = (
				EA35F6AE2098EB1200183817 /* Base */,
			);
			name = LaunchScreen.storyboard;
			sourceTree = "<group>";
		};
/* End PBXVariantGroup section */

/* Begin XCBuildConfiguration section */
		EA35F6B12098EB1200183817 /* Debug */ = {
			isa = XCBuildConfiguration;
			buildSettings = {
				ALWAYS_SEARCH_USER_PATHS = NO;
				CLANG_ANALYZER_NONNULL = YES;
				CLANG_ANALYZER_NUMBER_OBJECT_CONVERSION = YES_AGGRESSIVE;
				CLANG_CXX_LANGUAGE_STANDARD = "gnu++14";
				CLANG_CXX_LIBRARY = "libc++";
				CLANG_ENABLE_MODULES = YES;
				CLANG_ENABLE_OBJC_ARC = YES;
				CLANG_ENABLE_OBJC_WEAK = YES;
				CLANG_WARN_BLOCK_CAPTURE_AUTORELEASING = YES;
				CLANG_WARN_BOOL_CONVERSION = YES;
				CLANG_WARN_COMMA = YES;
				CLANG_WARN_CONSTANT_CONVERSION = YES;
				CLANG_WARN_DEPRECATED_OBJC_IMPLEMENTATIONS = YES;
				CLANG_WARN_DIRECT_OBJC_ISA_USAGE = YES_ERROR;
				CLANG_WARN_DOCUMENTATION_COMMENTS = YES;
				CLANG_WARN_EMPTY_BODY = YES;
				CLANG_WARN_ENUM_CONVERSION = YES;
				CLANG_WARN_INFINITE_RECURSION = YES;
				CLANG_WARN_INT_CONVERSION = YES;
				CLANG_WARN_NON_LITERAL_NULL_CONVERSION = YES;
				CLANG_WARN_OBJC_IMPLICIT_RETAIN_SELF = YES;
				CLANG_WARN_OBJC_LITERAL_CONVERSION = YES;
				CLANG_WARN_OBJC_ROOT_CLASS = YES_ERROR;
				CLANG_WARN_RANGE_LOOP_ANALYSIS = YES;
				CLANG_WARN_STRICT_PROTOTYPES = YES;
				CLANG_WARN_SUSPICIOUS_MOVE = YES;
				CLANG_WARN_UNGUARDED_AVAILABILITY = YES_AGGRESSIVE;
				CLANG_WARN_UNREACHABLE_CODE = YES;
				CLANG_WARN__DUPLICATE_METHOD_MATCH = YES;
				CODE_SIGN_IDENTITY = "iPhone Developer";
				COPY_PHASE_STRIP = NO;
				DEBUG_INFORMATION_FORMAT = dwarf;
				ENABLE_STRICT_OBJC_MSGSEND = YES;
				ENABLE_TESTABILITY = YES;
				GCC_C_LANGUAGE_STANDARD = gnu11;
				GCC_DYNAMIC_NO_PIC = NO;
				GCC_NO_COMMON_BLOCKS = YES;
				GCC_OPTIMIZATION_LEVEL = 0;
				GCC_PREPROCESSOR_DEFINITIONS = (
					"DEBUG=1",
					"$(inherited)",
				);
				GCC_WARN_64_TO_32_BIT_CONVERSION = YES;
				GCC_WARN_ABOUT_RETURN_TYPE = YES_ERROR;
				GCC_WARN_UNDECLARED_SELECTOR = YES;
				GCC_WARN_UNINITIALIZED_AUTOS = YES_AGGRESSIVE;
				GCC_WARN_UNUSED_FUNCTION = YES;
				GCC_WARN_UNUSED_VARIABLE = YES;
				IPHONEOS_DEPLOYMENT_TARGET = 11.3;
				MTL_ENABLE_DEBUG_INFO = YES;
				ONLY_ACTIVE_ARCH = YES;
				SDKROOT = iphoneos;
				SWIFT_ACTIVE_COMPILATION_CONDITIONS = DEBUG;
				SWIFT_OPTIMIZATION_LEVEL = "-Onone";
			};
			name = Debug;
		};
		EA35F6B22098EB1200183817 /* Release */ = {
			isa = XCBuildConfiguration;
			buildSettings = {
				ALWAYS_SEARCH_USER_PATHS = NO;
				CLANG_ANALYZER_NONNULL = YES;
				CLANG_ANALYZER_NUMBER_OBJECT_CONVERSION = YES_AGGRESSIVE;
				CLANG_CXX_LANGUAGE_STANDARD = "gnu++14";
				CLANG_CXX_LIBRARY = "libc++";
				CLANG_ENABLE_MODULES = YES;
				CLANG_ENABLE_OBJC_ARC = YES;
				CLANG_ENABLE_OBJC_WEAK = YES;
				CLANG_WARN_BLOCK_CAPTURE_AUTORELEASING = YES;
				CLANG_WARN_BOOL_CONVERSION = YES;
				CLANG_WARN_COMMA = YES;
				CLANG_WARN_CONSTANT_CONVERSION = YES;
				CLANG_WARN_DEPRECATED_OBJC_IMPLEMENTATIONS = YES;
				CLANG_WARN_DIRECT_OBJC_ISA_USAGE = YES_ERROR;
				CLANG_WARN_DOCUMENTATION_COMMENTS = YES;
				CLANG_WARN_EMPTY_BODY = YES;
				CLANG_WARN_ENUM_CONVERSION = YES;
				CLANG_WARN_INFINITE_RECURSION = YES;
				CLANG_WARN_INT_CONVERSION = YES;
				CLANG_WARN_NON_LITERAL_NULL_CONVERSION = YES;
				CLANG_WARN_OBJC_IMPLICIT_RETAIN_SELF = YES;
				CLANG_WARN_OBJC_LITERAL_CONVERSION = YES;
				CLANG_WARN_OBJC_ROOT_CLASS = YES_ERROR;
				CLANG_WARN_RANGE_LOOP_ANALYSIS = YES;
				CLANG_WARN_STRICT_PROTOTYPES = YES;
				CLANG_WARN_SUSPICIOUS_MOVE = YES;
				CLANG_WARN_UNGUARDED_AVAILABILITY = YES_AGGRESSIVE;
				CLANG_WARN_UNREACHABLE_CODE = YES;
				CLANG_WARN__DUPLICATE_METHOD_MATCH = YES;
				CODE_SIGN_IDENTITY = "iPhone Developer";
				COPY_PHASE_STRIP = NO;
				DEBUG_INFORMATION_FORMAT = "dwarf-with-dsym";
				ENABLE_NS_ASSERTIONS = NO;
				ENABLE_STRICT_OBJC_MSGSEND = YES;
				GCC_C_LANGUAGE_STANDARD = gnu11;
				GCC_NO_COMMON_BLOCKS = YES;
				GCC_WARN_64_TO_32_BIT_CONVERSION = YES;
				GCC_WARN_ABOUT_RETURN_TYPE = YES_ERROR;
				GCC_WARN_UNDECLARED_SELECTOR = YES;
				GCC_WARN_UNINITIALIZED_AUTOS = YES_AGGRESSIVE;
				GCC_WARN_UNUSED_FUNCTION = YES;
				GCC_WARN_UNUSED_VARIABLE = YES;
				IPHONEOS_DEPLOYMENT_TARGET = 11.3;
				MTL_ENABLE_DEBUG_INFO = NO;
				SDKROOT = iphoneos;
				SWIFT_COMPILATION_MODE = wholemodule;
				SWIFT_OPTIMIZATION_LEVEL = "-O";
				VALIDATE_PRODUCT = YES;
			};
			name = Release;
		};
		EA35F6B42098EB1200183817 /* Debug */ = {
			isa = XCBuildConfiguration;
			buildSettings = {
				ASSETCATALOG_COMPILER_APPICON_NAME = AppIcon;
				CODE_SIGN_STYLE = Automatic;
				DEVELOPMENT_TEAM = 6R2BV82FH6;
				INFOPLIST_FILE = "Input TextFields/Info.plist";
				LD_RUNPATH_SEARCH_PATHS = (
					"$(inherited)",
					"@executable_path/Frameworks",
				);
				PRODUCT_BUNDLE_IDENTIFIER = "pmuniz.Input-TextFields";
				PRODUCT_NAME = "$(TARGET_NAME)";
				SWIFT_VERSION = 4.0;
				TARGETED_DEVICE_FAMILY = "1,2";
			};
			name = Debug;
		};
		EA35F6B52098EB1200183817 /* Release */ = {
			isa = XCBuildConfiguration;
			buildSettings = {
				ASSETCATALOG_COMPILER_APPICON_NAME = AppIcon;
				CODE_SIGN_STYLE = Automatic;
				DEVELOPMENT_TEAM = 6R2BV82FH6;
				INFOPLIST_FILE = "Input TextFields/Info.plist";
				LD_RUNPATH_SEARCH_PATHS = (
					"$(inherited)",
					"@executable_path/Frameworks",
				);
				PRODUCT_BUNDLE_IDENTIFIER = "pmuniz.Input-TextFields";
				PRODUCT_NAME = "$(TARGET_NAME)";
				SWIFT_VERSION = 4.0;
				TARGETED_DEVICE_FAMILY = "1,2";
			};
			name = Release;
		};
/* End XCBuildConfiguration section */

/* Begin XCConfigurationList section */
		EA35F69C2098EB1100183817 /* Build configuration list for PBXProject "Input TextFields" */ = {
			isa = XCConfigurationList;
			buildConfigurations = (
				EA35F6B12098EB1200183817 /* Debug */,
				EA35F6B22098EB1200183817 /* Release */,
			);
			defaultConfigurationIsVisible = 0;
			defaultConfigurationName = Release;
		};
		EA35F6B32098EB1200183817 /* Build configuration list for PBXNativeTarget "Input TextFields" */ = {
			isa = XCConfigurationList;
			buildConfigurations = (
				EA35F6B42098EB1200183817 /* Debug */,
				EA35F6B52098EB1200183817 /* Release */,
			);
			defaultConfigurationIsVisible = 0;
			defaultConfigurationName = Release;
		};
/* End XCConfigurationList section */
	};
	rootObject = EA35F6992098EB1100183817 /* Project object */;
}
